
Microsoft Visual Studio Solution File, Format Version 12.00
# Visual Studio Version 17
VisualStudioVersion = 17.11.35327.3
MinimumVisualStudioVersion = 10.0.40219.1
Project("{9A19103F-16F7-4668-BE54-9A1E7A4F7556}") = "Weather.Client", "Weather.Client\Weather.Client.csproj", "{9BA1811B-756C-4481-8AA4-8B90E753E0EB}"
EndProject
Project("{9A19103F-16F7-4668-BE54-9A1E7A4F7556}") = "Weather.Server", "Weather.Server\Weather.Server.csproj", "{E0EB7447-D508-4063-AA06-5E08468DA3BC}"
EndProject
Project("{2150E333-8FDC-42A3-9474-1A3956D46DE8}") = "Solution Items", "Solution Items", "{056817F8-360E-425B-B9CC-CF8B531C797E}"
	ProjectSection(SolutionItems) = preProject
		README.md = README.md
	EndProjectSection
EndProject
Project("{2150E333-8FDC-42A3-9474-1A3956D46DE8}") = "images", "images", "{1E1475AA-288F-407C-ADE5-5E5D7989AA44}"
	ProjectSection(SolutionItems) = preProject
		images\resiliencehttprequests.PNG = images\resiliencehttprequests.PNG
		images\resiliencepackages.PNG = images\resiliencepackages.PNG
		images\standardhedgingpipeline.PNG = images\standardhedgingpipeline.PNG
		images\standardresiliencepipeline.PNG = images\standardresiliencepipeline.PNG
	EndProjectSection
EndProject
Global
	GlobalSection(SolutionConfigurationPlatforms) = preSolution
		Debug|Any CPU = Debug|Any CPU
		Release|Any CPU = Release|Any CPU
	EndGlobalSection
	GlobalSection(ProjectConfigurationPlatforms) = postSolution
		{9BA1811B-756C-4481-8AA4-8B90E753E0EB}.Debug|Any CPU.ActiveCfg = Debug|Any CPU
		{9BA1811B-756C-4481-8AA4-8B90E753E0EB}.Debug|Any CPU.Build.0 = Debug|Any CPU
		{9BA1811B-756C-4481-8AA4-8B90E753E0EB}.Release|Any CPU.ActiveCfg = Release|Any CPU
		{9BA1811B-756C-4481-8AA4-8B90E753E0EB}.Release|Any CPU.Build.0 = Release|Any CPU
		{E0EB7447-D508-4063-AA06-5E08468DA3BC}.Debug|Any CPU.ActiveCfg = Debug|Any CPU
		{E0EB7447-D508-4063-AA06-5E08468DA3BC}.Debug|Any CPU.Build.0 = Debug|Any CPU
		{E0EB7447-D508-4063-AA06-5E08468DA3BC}.Release|Any CPU.ActiveCfg = Release|Any CPU
		{E0EB7447-D508-4063-AA06-5E08468DA3BC}.Release|Any CPU.Build.0 = Release|Any CPU
	EndGlobalSection
	GlobalSection(SolutionProperties) = preSolution
		HideSolutionNode = FALSE
	EndGlobalSection
	GlobalSection(NestedProjects) = preSolution
		{1E1475AA-288F-407C-ADE5-5E5D7989AA44} = {056817F8-360E-425B-B9CC-CF8B531C797E}
	EndGlobalSection
	GlobalSection(ExtensibilityGlobals) = postSolution
		SolutionGuid = {1FB0C40E-EEB6-46B6-A87D-FC288E7CFA8D}
	EndGlobalSection
EndGlobal
